
Microsoft Visual Studio Solution File, Format Version 12.00
# Visual Studio Version 17
VisualStudioVersion = 17.11.35219.272
MinimumVisualStudioVersion = 10.0.40219.1
Project("{9A19103F-16F7-4668-BE54-9A1E7A4F7556}") = "MainAppIotHub", "MainAppIotHub\MainAppIotHub.csproj", "{FD7F3EBF-F8E9-4D80-B821-B05837AE113D}"
EndProject
Project("{9A19103F-16F7-4668-BE54-9A1E7A4F7556}") = "IotHubResources", "IotHubResources\IotHubResources.csproj", "{52C4D7D7-8367-4918-8487-1EA1BB41CC64}"
EndProject
Project("{9A19103F-16F7-4668-BE54-9A1E7A4F7556}") = "Communications", "Communications\Communications.csproj", "{089DEEA7-4E28-4CCC-8E9B-FB7C09986355}"
EndProject
Global
	GlobalSection(SolutionConfigurationPlatforms) = preSolution
		Debug|Any CPU = Debug|Any CPU
		Release|Any CPU = Release|Any CPU
	EndGlobalSection
	GlobalSection(ProjectConfigurationPlatforms) = postSolution
		{FD7F3EBF-F8E9-4D80-B821-B05837AE113D}.Debug|Any CPU.ActiveCfg = Debug|Any CPU
		{FD7F3EBF-F8E9-4D80-B821-B05837AE113D}.Debug|Any CPU.Build.0 = Debug|Any CPU
		{FD7F3EBF-F8E9-4D80-B821-B05837AE113D}.Debug|Any CPU.Deploy.0 = Debug|Any CPU
		{FD7F3EBF-F8E9-4D80-B821-B05837AE113D}.Release|Any CPU.ActiveCfg = Release|Any CPU
		{FD7F3EBF-F8E9-4D80-B821-B05837AE113D}.Release|Any CPU.Build.0 = Release|Any CPU
		{FD7F3EBF-F8E9-4D80-B821-B05837AE113D}.Release|Any CPU.Deploy.0 = Release|Any CPU
		{52C4D7D7-8367-4918-8487-1EA1BB41CC64}.Debug|Any CPU.ActiveCfg = Debug|Any CPU
		{52C4D7D7-8367-4918-8487-1EA1BB41CC64}.Debug|Any CPU.Build.0 = Debug|Any CPU
		{52C4D7D7-8367-4918-8487-1EA1BB41CC64}.Release|Any CPU.ActiveCfg = Release|Any CPU
		{52C4D7D7-8367-4918-8487-1EA1BB41CC64}.Release|Any CPU.Build.0 = Release|Any CPU
		{089DEEA7-4E28-4CCC-8E9B-FB7C09986355}.Debug|Any CPU.ActiveCfg = Debug|Any CPU
		{089DEEA7-4E28-4CCC-8E9B-FB7C09986355}.Debug|Any CPU.Build.0 = Debug|Any CPU
		{089DEEA7-4E28-4CCC-8E9B-FB7C09986355}.Release|Any CPU.ActiveCfg = Release|Any CPU
		{089DEEA7-4E28-4CCC-8E9B-FB7C09986355}.Release|Any CPU.Build.0 = Release|Any CPU
	EndGlobalSection
	GlobalSection(SolutionProperties) = preSolution
		HideSolutionNode = FALSE
	EndGlobalSection
	GlobalSection(ExtensibilityGlobals) = postSolution
		SolutionGuid = {ED50EE13-DD71-424C-9FBC-C7E7753AEC13}
	EndGlobalSection
EndGlobal
